
Microsoft Visual Studio Solution File, Format Version 12.00
# Visual Studio Version 16
VisualStudioVersion = 16.0.808.10
MinimumVisualStudioVersion = 10.0.40219.1
Project("{FAE04EC0-301F-11D3-BF4B-00C04F79EFBC}") = "Calculator", "Calculator.csproj", "{06ECB839-3604-4781-A890-BC0FB03B729A}"
EndProject
Global
	GlobalSection(SolutionConfigurationPlatforms) = preSolution
		Debug|Any CPU = Debug|Any CPU
		Release|Any CPU = Release|Any CPU
	EndGlobalSection
	GlobalSection(ProjectConfigurationPlatforms) = postSolution
		{06ECB839-3604-4781-A890-BC0FB03B729A}.Debug|Any CPU.ActiveCfg = Debug|Any CPU
		{06ECB839-3604-4781-A890-BC0FB03B729A}.Debug|Any CPU.Build.0 = Debug|Any CPU
		{06ECB839-3604-4781-A890-BC0FB03B729A}.Release|Any CPU.ActiveCfg = Release|Any CPU
		{06ECB839-3604-4781-A890-BC0FB03B729A}.Release|Any CPU.Build.0 = Release|Any CPU
	EndGlobalSection
	GlobalSection(SolutionProperties) = preSolution
		HideSolutionNode = FALSE
	EndGlobalSection
	GlobalSection(ExtensibilityGlobals) = postSolution
		SolutionGuid = {B782DA3B-2A19-42E3-88F1-55FE0B3B0DAA}
	EndGlobalSection
EndGlobal
