
Microsoft Visual Studio Solution File, Format Version 12.00
# Visual Studio Version 16
VisualStudioVersion = 16.0.810.11
MinimumVisualStudioVersion = 10.0.40219.1
Project("{FAE04EC0-301F-11D3-BF4B-00C04F79EFBC}") = "Calculator.Data", "Calculator.Data.csproj", "{0E971A29-AE56-4309-98B6-1DD30F2BAF00}"
EndProject
Global
	GlobalSection(SolutionConfigurationPlatforms) = preSolution
		Debug|Any CPU = Debug|Any CPU
		Release|Any CPU = Release|Any CPU
	EndGlobalSection
	GlobalSection(ProjectConfigurationPlatforms) = postSolution
		{0E971A29-AE56-4309-98B6-1DD30F2BAF00}.Debug|Any CPU.ActiveCfg = Debug|Any CPU
		{0E971A29-AE56-4309-98B6-1DD30F2BAF00}.Debug|Any CPU.Build.0 = Debug|Any CPU
		{0E971A29-AE56-4309-98B6-1DD30F2BAF00}.Release|Any CPU.ActiveCfg = Release|Any CPU
		{0E971A29-AE56-4309-98B6-1DD30F2BAF00}.Release|Any CPU.Build.0 = Release|Any CPU
	EndGlobalSection
	GlobalSection(SolutionProperties) = preSolution
		HideSolutionNode = FALSE
	EndGlobalSection
	GlobalSection(ExtensibilityGlobals) = postSolution
		SolutionGuid = {52516695-1604-43BA-9B45-BA75EE17B0C8}
	EndGlobalSection
EndGlobal
